
Microsoft Visual Studio Solution File, Format Version 12.00
# Visual Studio Version 16
VisualStudioVersion = 16.0.30907.101
MinimumVisualStudioVersion = 10.0.40219.1
Project("{FAE04EC0-301F-11D3-BF4B-00C04F79EFBC}") = "Operadores", "Operadores\Operadores.csproj", "{DCF8A087-471B-4C37-8385-3AB7A189ACB7}"
EndProject
Global
	GlobalSection(SolutionConfigurationPlatforms) = preSolution
		Debug|Any CPU = Debug|Any CPU
		Release|Any CPU = Release|Any CPU
	EndGlobalSection
	GlobalSection(ProjectConfigurationPlatforms) = postSolution
		{DCF8A087-471B-4C37-8385-3AB7A189ACB7}.Debug|Any CPU.ActiveCfg = Debug|Any CPU
		{DCF8A087-471B-4C37-8385-3AB7A189ACB7}.Debug|Any CPU.Build.0 = Debug|Any CPU
		{DCF8A087-471B-4C37-8385-3AB7A189ACB7}.Release|Any CPU.ActiveCfg = Release|Any CPU
		{DCF8A087-471B-4C37-8385-3AB7A189ACB7}.Release|Any CPU.Build.0 = Release|Any CPU
	EndGlobalSection
	GlobalSection(SolutionProperties) = preSolution
		HideSolutionNode = FALSE
	EndGlobalSection
	GlobalSection(ExtensibilityGlobals) = postSolution
		SolutionGuid = {3079A64F-D218-4288-9EB4-CB8C2ED3A6EE}
	EndGlobalSection
EndGlobal
