
Microsoft Visual Studio Solution File, Format Version 12.00
# Visual Studio Version 16
VisualStudioVersion = 16.0.30907.101
MinimumVisualStudioVersion = 10.0.40219.1
Project("{FAE04EC0-301F-11D3-BF4B-00C04F79EFBC}") = "ConversorTemperaturas", "ConversorTemperaturas\ConversorTemperaturas.csproj", "{AD2C15E3-6D95-46EE-9DA6-AEF83E9561D1}"
EndProject
Global
	GlobalSection(SolutionConfigurationPlatforms) = preSolution
		Debug|Any CPU = Debug|Any CPU
		Release|Any CPU = Release|Any CPU
	EndGlobalSection
	GlobalSection(ProjectConfigurationPlatforms) = postSolution
		{AD2C15E3-6D95-46EE-9DA6-AEF83E9561D1}.Debug|Any CPU.ActiveCfg = Debug|Any CPU
		{AD2C15E3-6D95-46EE-9DA6-AEF83E9561D1}.Debug|Any CPU.Build.0 = Debug|Any CPU
		{AD2C15E3-6D95-46EE-9DA6-AEF83E9561D1}.Release|Any CPU.ActiveCfg = Release|Any CPU
		{AD2C15E3-6D95-46EE-9DA6-AEF83E9561D1}.Release|Any CPU.Build.0 = Release|Any CPU
	EndGlobalSection
	GlobalSection(SolutionProperties) = preSolution
		HideSolutionNode = FALSE
	EndGlobalSection
	GlobalSection(ExtensibilityGlobals) = postSolution
		SolutionGuid = {8784D10D-AB0E-420A-A152-320CA2A82929}
	EndGlobalSection
EndGlobal
