
Microsoft Visual Studio Solution File, Format Version 12.00
# Visual Studio Version 16
VisualStudioVersion = 16.0.30907.101
MinimumVisualStudioVersion = 10.0.40219.1
Project("{FAE04EC0-301F-11D3-BF4B-00C04F79EFBC}") = "ClassesObjetos", "ClassesObjetos\ClassesObjetos.csproj", "{5CFC3311-EAC2-46F6-8DE2-928827E0749E}"
EndProject
Project("{FAE04EC0-301F-11D3-BF4B-00C04F79EFBC}") = "MetodosDasClasses", "MetodosDasClasses\MetodosDasClasses.csproj", "{C1924AFD-3E94-41B0-AE33-9DC49F8E4DED}"
EndProject
Project("{FAE04EC0-301F-11D3-BF4B-00C04F79EFBC}") = "TermoThis", "TermoThis\TermoThis.csproj", "{96F872FD-EF0C-45F2-95EE-E2777CF4E881}"
EndProject
Global
	GlobalSection(SolutionConfigurationPlatforms) = preSolution
		Debug|Any CPU = Debug|Any CPU
		Release|Any CPU = Release|Any CPU
	EndGlobalSection
	GlobalSection(ProjectConfigurationPlatforms) = postSolution
		{5CFC3311-EAC2-46F6-8DE2-928827E0749E}.Debug|Any CPU.ActiveCfg = Debug|Any CPU
		{5CFC3311-EAC2-46F6-8DE2-928827E0749E}.Debug|Any CPU.Build.0 = Debug|Any CPU
		{5CFC3311-EAC2-46F6-8DE2-928827E0749E}.Release|Any CPU.ActiveCfg = Release|Any CPU
		{5CFC3311-EAC2-46F6-8DE2-928827E0749E}.Release|Any CPU.Build.0 = Release|Any CPU
		{C1924AFD-3E94-41B0-AE33-9DC49F8E4DED}.Debug|Any CPU.ActiveCfg = Debug|Any CPU
		{C1924AFD-3E94-41B0-AE33-9DC49F8E4DED}.Debug|Any CPU.Build.0 = Debug|Any CPU
		{C1924AFD-3E94-41B0-AE33-9DC49F8E4DED}.Release|Any CPU.ActiveCfg = Release|Any CPU
		{C1924AFD-3E94-41B0-AE33-9DC49F8E4DED}.Release|Any CPU.Build.0 = Release|Any CPU
		{96F872FD-EF0C-45F2-95EE-E2777CF4E881}.Debug|Any CPU.ActiveCfg = Debug|Any CPU
		{96F872FD-EF0C-45F2-95EE-E2777CF4E881}.Debug|Any CPU.Build.0 = Debug|Any CPU
		{96F872FD-EF0C-45F2-95EE-E2777CF4E881}.Release|Any CPU.ActiveCfg = Release|Any CPU
		{96F872FD-EF0C-45F2-95EE-E2777CF4E881}.Release|Any CPU.Build.0 = Release|Any CPU
	EndGlobalSection
	GlobalSection(SolutionProperties) = preSolution
		HideSolutionNode = FALSE
	EndGlobalSection
	GlobalSection(ExtensibilityGlobals) = postSolution
		SolutionGuid = {7DFA6087-0BF1-416F-AE8B-DDC366D995FC}
	EndGlobalSection
EndGlobal
