
Microsoft Visual Studio Solution File, Format Version 12.00
# Visual Studio Version 16
VisualStudioVersion = 16.0.30907.101
MinimumVisualStudioVersion = 10.0.40219.1
Project("{FAE04EC0-301F-11D3-BF4B-00C04F79EFBC}") = "Condicao", "Condicao\Condicao.csproj", "{5D24E2EA-8F87-44D4-9FDD-BD53BB42107B}"
EndProject
Global
	GlobalSection(SolutionConfigurationPlatforms) = preSolution
		Debug|Any CPU = Debug|Any CPU
		Release|Any CPU = Release|Any CPU
	EndGlobalSection
	GlobalSection(ProjectConfigurationPlatforms) = postSolution
		{5D24E2EA-8F87-44D4-9FDD-BD53BB42107B}.Debug|Any CPU.ActiveCfg = Debug|Any CPU
		{5D24E2EA-8F87-44D4-9FDD-BD53BB42107B}.Debug|Any CPU.Build.0 = Debug|Any CPU
		{5D24E2EA-8F87-44D4-9FDD-BD53BB42107B}.Release|Any CPU.ActiveCfg = Release|Any CPU
		{5D24E2EA-8F87-44D4-9FDD-BD53BB42107B}.Release|Any CPU.Build.0 = Release|Any CPU
	EndGlobalSection
	GlobalSection(SolutionProperties) = preSolution
		HideSolutionNode = FALSE
	EndGlobalSection
	GlobalSection(ExtensibilityGlobals) = postSolution
		SolutionGuid = {5A045BD7-7265-48B0-818B-35009A976108}
	EndGlobalSection
EndGlobal
